
Microsoft Visual Studio Solution File, Format Version 12.00
# Visual Studio 14
VisualStudioVersion = 14.0.24720.0
MinimumVisualStudioVersion = 10.0.40219.1
Project("{FAE04EC0-301F-11D3-BF4B-00C04F79EFBC}") = "WindsorCastle_Part1", "WindsorCastle Part1\WindsorCastle_Part1.csproj", "{AE28AF09-7741-45FF-B1EC-564AC48CDA9E}"
EndProject
Project("{FAE04EC0-301F-11D3-BF4B-00C04F79EFBC}") = "NonDI.Commerce", "NonDI.ECommerce\NonDI.Commerce.csproj", "{77EA9D67-C6AD-4437-848F-28F1376346D2}"
EndProject
Global
	GlobalSection(SolutionConfigurationPlatforms) = preSolution
		Debug|Any CPU = Debug|Any CPU
		Release|Any CPU = Release|Any CPU
	EndGlobalSection
	GlobalSection(ProjectConfigurationPlatforms) = postSolution
		{AE28AF09-7741-45FF-B1EC-564AC48CDA9E}.Debug|Any CPU.ActiveCfg = Debug|Any CPU
		{AE28AF09-7741-45FF-B1EC-564AC48CDA9E}.Debug|Any CPU.Build.0 = Debug|Any CPU
		{AE28AF09-7741-45FF-B1EC-564AC48CDA9E}.Release|Any CPU.ActiveCfg = Release|Any CPU
		{AE28AF09-7741-45FF-B1EC-564AC48CDA9E}.Release|Any CPU.Build.0 = Release|Any CPU
		{77EA9D67-C6AD-4437-848F-28F1376346D2}.Debug|Any CPU.ActiveCfg = Debug|Any CPU
		{77EA9D67-C6AD-4437-848F-28F1376346D2}.Debug|Any CPU.Build.0 = Debug|Any CPU
		{77EA9D67-C6AD-4437-848F-28F1376346D2}.Release|Any CPU.ActiveCfg = Release|Any CPU
		{77EA9D67-C6AD-4437-848F-28F1376346D2}.Release|Any CPU.Build.0 = Release|Any CPU
	EndGlobalSection
	GlobalSection(SolutionProperties) = preSolution
		HideSolutionNode = FALSE
	EndGlobalSection
EndGlobal
